
Microsoft Visual Studio Solution File, Format Version 12.00
# Visual Studio Version 17
VisualStudioVersion = 17.3.32929.385
MinimumVisualStudioVersion = 10.0.40219.1
Project("{FAE04EC0-301F-11D3-BF4B-00C04F79EFBC}") = "ClassDemoUML3", "ClassDemoUML3\ClassDemoUML3.csproj", "{EBEE69D7-3B07-4044-9F46-B4C47D2152BB}"
EndProject
Global
	GlobalSection(SolutionConfigurationPlatforms) = preSolution
		Debug|Any CPU = Debug|Any CPU
		Release|Any CPU = Release|Any CPU
	EndGlobalSection
	GlobalSection(ProjectConfigurationPlatforms) = postSolution
		{EBEE69D7-3B07-4044-9F46-B4C47D2152BB}.Debug|Any CPU.ActiveCfg = Debug|Any CPU
		{EBEE69D7-3B07-4044-9F46-B4C47D2152BB}.Debug|Any CPU.Build.0 = Debug|Any CPU
		{EBEE69D7-3B07-4044-9F46-B4C47D2152BB}.Release|Any CPU.ActiveCfg = Release|Any CPU
		{EBEE69D7-3B07-4044-9F46-B4C47D2152BB}.Release|Any CPU.Build.0 = Release|Any CPU
	EndGlobalSection
	GlobalSection(SolutionProperties) = preSolution
		HideSolutionNode = FALSE
	EndGlobalSection
	GlobalSection(ExtensibilityGlobals) = postSolution
		SolutionGuid = {16563B60-EE32-4A53-80F4-110A4F625686}
	EndGlobalSection
EndGlobal
